
Microsoft Visual Studio Solution File, Format Version 12.00
# Visual Studio 14
VisualStudioVersion = 14.0.25420.1
MinimumVisualStudioVersion = 10.0.40219.1
Project("{FAE04EC0-301F-11D3-BF4B-00C04F79EFBC}") = "CustomDatePicker.Droid", "CustomDatePicker\CustomDatePicker.Droid\CustomDatePicker.Droid.csproj", "{EFD4383B-70CC-450D-A24F-7E6B9A4265D7}"
EndProject
Project("{FAE04EC0-301F-11D3-BF4B-00C04F79EFBC}") = "CustomDatePicker.iOS", "CustomDatePicker\CustomDatePicker.iOS\CustomDatePicker.iOS.csproj", "{4D5C8910-7B16-4FEF-84FC-72B76FFB9715}"
EndProject
Project("{FAE04EC0-301F-11D3-BF4B-00C04F79EFBC}") = "CustomDatePicker.WinPhone", "CustomDatePicker\CustomDatePicker.WinPhone\CustomDatePicker.WinPhone.csproj", "{56CA18B5-7CE3-4F57-8FF5-3577EB6CB9F5}"
EndProject
Project("{FAE04EC0-301F-11D3-BF4B-00C04F79EFBC}") = "CustomDatePicker.UWP", "CustomDatePicker\CustomDatePicker.UWP\CustomDatePicker.UWP.csproj", "{3D92C332-092F-4814-9FA5-EFB6941AAE88}"
EndProject
Project("{FAE04EC0-301F-11D3-BF4B-00C04F79EFBC}") = "CustomDatePicker.Windows", "CustomDatePicker\CustomDatePicker.Windows\CustomDatePicker.Windows.csproj", "{F6A1640C-7258-4104-AD5C-83A7029E8832}"
EndProject
Project("{FAE04EC0-301F-11D3-BF4B-00C04F79EFBC}") = "CustomDatePicker", "CustomDatePicker\CustomDatePicker\CustomDatePicker.csproj", "{F541309D-BCBA-49F1-B29D-E342ADA01219}"
EndProject
Global
	GlobalSection(SolutionConfigurationPlatforms) = preSolution
		Ad-Hoc|Any CPU = Ad-Hoc|Any CPU
		Ad-Hoc|ARM = Ad-Hoc|ARM
		Ad-Hoc|iPhone = Ad-Hoc|iPhone
		Ad-Hoc|iPhoneSimulator = Ad-Hoc|iPhoneSimulator
		Ad-Hoc|x64 = Ad-Hoc|x64
		Ad-Hoc|x86 = Ad-Hoc|x86
		AppStore|Any CPU = AppStore|Any CPU
		AppStore|ARM = AppStore|ARM
		AppStore|iPhone = AppStore|iPhone
		AppStore|iPhoneSimulator = AppStore|iPhoneSimulator
		AppStore|x64 = AppStore|x64
		AppStore|x86 = AppStore|x86
		Debug|Any CPU = Debug|Any CPU
		Debug|ARM = Debug|ARM
		Debug|iPhone = Debug|iPhone
		Debug|iPhoneSimulator = Debug|iPhoneSimulator
		Debug|x64 = Debug|x64
		Debug|x86 = Debug|x86
		Release|Any CPU = Release|Any CPU
		Release|ARM = Release|ARM
		Release|iPhone = Release|iPhone
		Release|iPhoneSimulator = Release|iPhoneSimulator
		Release|x64 = Release|x64
		Release|x86 = Release|x86
	EndGlobalSection
	GlobalSection(ProjectConfigurationPlatforms) = postSolution
		{EFD4383B-70CC-450D-A24F-7E6B9A4265D7}.Ad-Hoc|Any CPU.ActiveCfg = Release|Any CPU
		{EFD4383B-70CC-450D-A24F-7E6B9A4265D7}.Ad-Hoc|Any CPU.Build.0 = Release|Any CPU
		{EFD4383B-70CC-450D-A24F-7E6B9A4265D7}.Ad-Hoc|Any CPU.Deploy.0 = Release|Any CPU
		{EFD4383B-70CC-450D-A24F-7E6B9A4265D7}.Ad-Hoc|ARM.ActiveCfg = Release|Any CPU
		{EFD4383B-70CC-450D-A24F-7E6B9A4265D7}.Ad-Hoc|ARM.Build.0 = Release|Any CPU
		{EFD4383B-70CC-450D-A24F-7E6B9A4265D7}.Ad-Hoc|ARM.Deploy.0 = Release|Any CPU
		{EFD4383B-70CC-450D-A24F-7E6B9A4265D7}.Ad-Hoc|iPhone.ActiveCfg = Release|Any CPU
		{EFD4383B-70CC-450D-A24F-7E6B9A4265D7}.Ad-Hoc|iPhone.Build.0 = Release|Any CPU
		{EFD4383B-70CC-450D-A24F-7E6B9A4265D7}.Ad-Hoc|iPhone.Deploy.0 = Release|Any CPU
		{EFD4383B-70CC-450D-A24F-7E6B9A4265D7}.Ad-Hoc|iPhoneSimulator.ActiveCfg = Release|Any CPU
		{EFD4383B-70CC-450D-A24F-7E6B9A4265D7}.Ad-Hoc|iPhoneSimulator.Build.0 = Release|Any CPU
		{EFD4383B-70CC-450D-A24F-7E6B9A4265D7}.Ad-Hoc|iPhoneSimulator.Deploy.0 = Release|Any CPU
		{EFD4383B-70CC-450D-A24F-7E6B9A4265D7}.Ad-Hoc|x64.ActiveCfg = Release|Any CPU
		{EFD4383B-70CC-450D-A24F-7E6B9A4265D7}.Ad-Hoc|x64.Build.0 = Release|Any CPU
		{EFD4383B-70CC-450D-A24F-7E6B9A4265D7}.Ad-Hoc|x64.Deploy.0 = Release|Any CPU
		{EFD4383B-70CC-450D-A24F-7E6B9A4265D7}.Ad-Hoc|x86.ActiveCfg = Release|Any CPU
		{EFD4383B-70CC-450D-A24F-7E6B9A4265D7}.Ad-Hoc|x86.Build.0 = Release|Any CPU
		{EFD4383B-70CC-450D-A24F-7E6B9A4265D7}.Ad-Hoc|x86.Deploy.0 = Release|Any CPU
		{EFD4383B-70CC-450D-A24F-7E6B9A4265D7}.AppStore|Any CPU.ActiveCfg = Release|Any CPU
		{EFD4383B-70CC-450D-A24F-7E6B9A4265D7}.AppStore|Any CPU.Build.0 = Release|Any CPU
		{EFD4383B-70CC-450D-A24F-7E6B9A4265D7}.AppStore|Any CPU.Deploy.0 = Release|Any CPU
		{EFD4383B-70CC-450D-A24F-7E6B9A4265D7}.AppStore|ARM.ActiveCfg = Release|Any CPU
		{EFD4383B-70CC-450D-A24F-7E6B9A4265D7}.AppStore|ARM.Build.0 = Release|Any CPU
		{EFD4383B-70CC-450D-A24F-7E6B9A4265D7}.AppStore|ARM.Deploy.0 = Release|Any CPU
		{EFD4383B-70CC-450D-A24F-7E6B9A4265D7}.AppStore|iPhone.ActiveCfg = Release|Any CPU
		{EFD4383B-70CC-450D-A24F-7E6B9A4265D7}.AppStore|iPhone.Build.0 = Release|Any CPU
		{EFD4383B-70CC-450D-A24F-7E6B9A4265D7}.AppStore|iPhone.Deploy.0 = Release|Any CPU
		{EFD4383B-70CC-450D-A24F-7E6B9A4265D7}.AppStore|iPhoneSimulator.ActiveCfg = Release|Any CPU
		{EFD4383B-70CC-450D-A24F-7E6B9A4265D7}.AppStore|iPhoneSimulator.Build.0 = Release|Any CPU
		{EFD4383B-70CC-450D-A24F-7E6B9A4265D7}.AppStore|iPhoneSimulator.Deploy.0 = Release|Any CPU
		{EFD4383B-70CC-450D-A24F-7E6B9A4265D7}.AppStore|x64.ActiveCfg = Release|Any CPU
		{EFD4383B-70CC-450D-A24F-7E6B9A4265D7}.AppStore|x64.Build.0 = Release|Any CPU
		{EFD4383B-70CC-450D-A24F-7E6B9A4265D7}.AppStore|x64.Deploy.0 = Release|Any CPU
		{EFD4383B-70CC-450D-A24F-7E6B9A4265D7}.AppStore|x86.ActiveCfg = Release|Any CPU
		{EFD4383B-70CC-450D-A24F-7E6B9A4265D7}.AppStore|x86.Build.0 = Release|Any CPU
		{EFD4383B-70CC-450D-A24F-7E6B9A4265D7}.AppStore|x86.Deploy.0 = Release|Any CPU
		{EFD4383B-70CC-450D-A24F-7E6B9A4265D7}.Debug|Any CPU.ActiveCfg = Debug|Any CPU
		{EFD4383B-70CC-450D-A24F-7E6B9A4265D7}.Debug|Any CPU.Build.0 = Debug|Any CPU
		{EFD4383B-70CC-450D-A24F-7E6B9A4265D7}.Debug|Any CPU.Deploy.0 = Debug|Any CPU
		{EFD4383B-70CC-450D-A24F-7E6B9A4265D7}.Debug|ARM.ActiveCfg = Debug|Any CPU
		{EFD4383B-70CC-450D-A24F-7E6B9A4265D7}.Debug|ARM.Build.0 = Debug|Any CPU
		{EFD4383B-70CC-450D-A24F-7E6B9A4265D7}.Debug|ARM.Deploy.0 = Debug|Any CPU
		{EFD4383B-70CC-450D-A24F-7E6B9A4265D7}.Debug|iPhone.ActiveCfg = Debug|Any CPU
		{EFD4383B-70CC-450D-A24F-7E6B9A4265D7}.Debug|iPhone.Build.0 = Debug|Any CPU
		{EFD4383B-70CC-450D-A24F-7E6B9A4265D7}.Debug|iPhone.Deploy.0 = Debug|Any CPU
		{EFD4383B-70CC-450D-A24F-7E6B9A4265D7}.Debug|iPhoneSimulator.ActiveCfg = Debug|Any CPU
		{EFD4383B-70CC-450D-A24F-7E6B9A4265D7}.Debug|iPhoneSimulator.Build.0 = Debug|Any CPU
		{EFD4383B-70CC-450D-A24F-7E6B9A4265D7}.Debug|iPhoneSimulator.Deploy.0 = Debug|Any CPU
		{EFD4383B-70CC-450D-A24F-7E6B9A4265D7}.Debug|x64.ActiveCfg = Debug|Any CPU
		{EFD4383B-70CC-450D-A24F-7E6B9A4265D7}.Debug|x64.Build.0 = Debug|Any CPU
		{EFD4383B-70CC-450D-A24F-7E6B9A4265D7}.Debug|x64.Deploy.0 = Debug|Any CPU
		{EFD4383B-70CC-450D-A24F-7E6B9A4265D7}.Debug|x86.ActiveCfg = Debug|Any CPU
		{EFD4383B-70CC-450D-A24F-7E6B9A4265D7}.Debug|x86.Build.0 = Debug|Any CPU
		{EFD4383B-70CC-450D-A24F-7E6B9A4265D7}.Debug|x86.Deploy.0 = Debug|Any CPU
		{EFD4383B-70CC-450D-A24F-7E6B9A4265D7}.Release|Any CPU.ActiveCfg = Release|Any CPU
		{EFD4383B-70CC-450D-A24F-7E6B9A4265D7}.Release|Any CPU.Build.0 = Release|Any CPU
		{EFD4383B-70CC-450D-A24F-7E6B9A4265D7}.Release|Any CPU.Deploy.0 = Release|Any CPU
		{EFD4383B-70CC-450D-A24F-7E6B9A4265D7}.Release|ARM.ActiveCfg = Release|Any CPU
		{EFD4383B-70CC-450D-A24F-7E6B9A4265D7}.Release|ARM.Build.0 = Release|Any CPU
		{EFD4383B-70CC-450D-A24F-7E6B9A4265D7}.Release|ARM.Deploy.0 = Release|Any CPU
		{EFD4383B-70CC-450D-A24F-7E6B9A4265D7}.Release|iPhone.ActiveCfg = Release|Any CPU
		{EFD4383B-70CC-450D-A24F-7E6B9A4265D7}.Release|iPhone.Build.0 = Release|Any CPU
		{EFD4383B-70CC-450D-A24F-7E6B9A4265D7}.Release|iPhone.Deploy.0 = Release|Any CPU
		{EFD4383B-70CC-450D-A24F-7E6B9A4265D7}.Release|iPhoneSimulator.ActiveCfg = Release|Any CPU
		{EFD4383B-70CC-450D-A24F-7E6B9A4265D7}.Release|iPhoneSimulator.Build.0 = Release|Any CPU
		{EFD4383B-70CC-450D-A24F-7E6B9A4265D7}.Release|iPhoneSimulator.Deploy.0 = Release|Any CPU
		{EFD4383B-70CC-450D-A24F-7E6B9A4265D7}.Release|x64.ActiveCfg = Release|Any CPU
		{EFD4383B-70CC-450D-A24F-7E6B9A4265D7}.Release|x64.Build.0 = Release|Any CPU
		{EFD4383B-70CC-450D-A24F-7E6B9A4265D7}.Release|x64.Deploy.0 = Release|Any CPU
		{EFD4383B-70CC-450D-A24F-7E6B9A4265D7}.Release|x86.ActiveCfg = Release|Any CPU
		{EFD4383B-70CC-450D-A24F-7E6B9A4265D7}.Release|x86.Build.0 = Release|Any CPU
		{EFD4383B-70CC-450D-A24F-7E6B9A4265D7}.Release|x86.Deploy.0 = Release|Any CPU
		{4D5C8910-7B16-4FEF-84FC-72B76FFB9715}.Ad-Hoc|Any CPU.ActiveCfg = Ad-Hoc|iPhone
		{4D5C8910-7B16-4FEF-84FC-72B76FFB9715}.Ad-Hoc|ARM.ActiveCfg = Ad-Hoc|iPhone
		{4D5C8910-7B16-4FEF-84FC-72B76FFB9715}.Ad-Hoc|iPhone.ActiveCfg = Ad-Hoc|iPhone
		{4D5C8910-7B16-4FEF-84FC-72B76FFB9715}.Ad-Hoc|iPhone.Build.0 = Ad-Hoc|iPhone
		{4D5C8910-7B16-4FEF-84FC-72B76FFB9715}.Ad-Hoc|iPhoneSimulator.ActiveCfg = Ad-Hoc|iPhoneSimulator
		{4D5C8910-7B16-4FEF-84FC-72B76FFB9715}.Ad-Hoc|iPhoneSimulator.Build.0 = Ad-Hoc|iPhoneSimulator
		{4D5C8910-7B16-4FEF-84FC-72B76FFB9715}.Ad-Hoc|x64.ActiveCfg = Ad-Hoc|iPhone
		{4D5C8910-7B16-4FEF-84FC-72B76FFB9715}.Ad-Hoc|x86.ActiveCfg = Ad-Hoc|iPhone
		{4D5C8910-7B16-4FEF-84FC-72B76FFB9715}.AppStore|Any CPU.ActiveCfg = AppStore|iPhone
		{4D5C8910-7B16-4FEF-84FC-72B76FFB9715}.AppStore|ARM.ActiveCfg = AppStore|iPhone
		{4D5C8910-7B16-4FEF-84FC-72B76FFB9715}.AppStore|iPhone.ActiveCfg = AppStore|iPhone
		{4D5C8910-7B16-4FEF-84FC-72B76FFB9715}.AppStore|iPhone.Build.0 = AppStore|iPhone
		{4D5C8910-7B16-4FEF-84FC-72B76FFB9715}.AppStore|iPhoneSimulator.ActiveCfg = AppStore|iPhoneSimulator
		{4D5C8910-7B16-4FEF-84FC-72B76FFB9715}.AppStore|iPhoneSimulator.Build.0 = AppStore|iPhoneSimulator
		{4D5C8910-7B16-4FEF-84FC-72B76FFB9715}.AppStore|x64.ActiveCfg = AppStore|iPhone
		{4D5C8910-7B16-4FEF-84FC-72B76FFB9715}.AppStore|x86.ActiveCfg = AppStore|iPhone
		{4D5C8910-7B16-4FEF-84FC-72B76FFB9715}.Debug|Any CPU.ActiveCfg = Debug|iPhone
		{4D5C8910-7B16-4FEF-84FC-72B76FFB9715}.Debug|ARM.ActiveCfg = Debug|iPhone
		{4D5C8910-7B16-4FEF-84FC-72B76FFB9715}.Debug|iPhone.ActiveCfg = Debug|iPhone
		{4D5C8910-7B16-4FEF-84FC-72B76FFB9715}.Debug|iPhone.Build.0 = Debug|iPhone
		{4D5C8910-7B16-4FEF-84FC-72B76FFB9715}.Debug|iPhoneSimulator.ActiveCfg = Debug|iPhoneSimulator
		{4D5C8910-7B16-4FEF-84FC-72B76FFB9715}.Debug|iPhoneSimulator.Build.0 = Debug|iPhoneSimulator
		{4D5C8910-7B16-4FEF-84FC-72B76FFB9715}.Debug|x64.ActiveCfg = Debug|iPhone
		{4D5C8910-7B16-4FEF-84FC-72B76FFB9715}.Debug|x86.ActiveCfg = Debug|iPhone
		{4D5C8910-7B16-4FEF-84FC-72B76FFB9715}.Release|Any CPU.ActiveCfg = Release|iPhone
		{4D5C8910-7B16-4FEF-84FC-72B76FFB9715}.Release|ARM.ActiveCfg = Release|iPhone
		{4D5C8910-7B16-4FEF-84FC-72B76FFB9715}.Release|iPhone.ActiveCfg = Release|iPhone
		{4D5C8910-7B16-4FEF-84FC-72B76FFB9715}.Release|iPhone.Build.0 = Release|iPhone
		{4D5C8910-7B16-4FEF-84FC-72B76FFB9715}.Release|iPhoneSimulator.ActiveCfg = Release|iPhoneSimulator
		{4D5C8910-7B16-4FEF-84FC-72B76FFB9715}.Release|iPhoneSimulator.Build.0 = Release|iPhoneSimulator
		{4D5C8910-7B16-4FEF-84FC-72B76FFB9715}.Release|x64.ActiveCfg = Release|iPhone
		{4D5C8910-7B16-4FEF-84FC-72B76FFB9715}.Release|x86.ActiveCfg = Release|iPhone
		{56CA18B5-7CE3-4F57-8FF5-3577EB6CB9F5}.Ad-Hoc|Any CPU.ActiveCfg = Release|Any CPU
		{56CA18B5-7CE3-4F57-8FF5-3577EB6CB9F5}.Ad-Hoc|Any CPU.Build.0 = Release|Any CPU
		{56CA18B5-7CE3-4F57-8FF5-3577EB6CB9F5}.Ad-Hoc|Any CPU.Deploy.0 = Release|Any CPU
		{56CA18B5-7CE3-4F57-8FF5-3577EB6CB9F5}.Ad-Hoc|ARM.ActiveCfg = Release|ARM
		{56CA18B5-7CE3-4F57-8FF5-3577EB6CB9F5}.Ad-Hoc|ARM.Build.0 = Release|ARM
		{56CA18B5-7CE3-4F57-8FF5-3577EB6CB9F5}.Ad-Hoc|ARM.Deploy.0 = Release|ARM
		{56CA18B5-7CE3-4F57-8FF5-3577EB6CB9F5}.Ad-Hoc|iPhone.ActiveCfg = Release|Any CPU
		{56CA18B5-7CE3-4F57-8FF5-3577EB6CB9F5}.Ad-Hoc|iPhone.Build.0 = Release|Any CPU
		{56CA18B5-7CE3-4F57-8FF5-3577EB6CB9F5}.Ad-Hoc|iPhone.Deploy.0 = Release|Any CPU
		{56CA18B5-7CE3-4F57-8FF5-3577EB6CB9F5}.Ad-Hoc|iPhoneSimulator.ActiveCfg = Release|Any CPU
		{56CA18B5-7CE3-4F57-8FF5-3577EB6CB9F5}.Ad-Hoc|iPhoneSimulator.Build.0 = Release|Any CPU
		{56CA18B5-7CE3-4F57-8FF5-3577EB6CB9F5}.Ad-Hoc|iPhoneSimulator.Deploy.0 = Release|Any CPU
		{56CA18B5-7CE3-4F57-8FF5-3577EB6CB9F5}.Ad-Hoc|x64.ActiveCfg = Release|Any CPU
		{56CA18B5-7CE3-4F57-8FF5-3577EB6CB9F5}.Ad-Hoc|x64.Build.0 = Release|Any CPU
		{56CA18B5-7CE3-4F57-8FF5-3577EB6CB9F5}.Ad-Hoc|x64.Deploy.0 = Release|Any CPU
		{56CA18B5-7CE3-4F57-8FF5-3577EB6CB9F5}.Ad-Hoc|x86.ActiveCfg = Release|x86
		{56CA18B5-7CE3-4F57-8FF5-3577EB6CB9F5}.Ad-Hoc|x86.Build.0 = Release|x86
		{56CA18B5-7CE3-4F57-8FF5-3577EB6CB9F5}.Ad-Hoc|x86.Deploy.0 = Release|x86
		{56CA18B5-7CE3-4F57-8FF5-3577EB6CB9F5}.AppStore|Any CPU.ActiveCfg = Release|Any CPU
		{56CA18B5-7CE3-4F57-8FF5-3577EB6CB9F5}.AppStore|Any CPU.Build.0 = Release|Any CPU
		{56CA18B5-7CE3-4F57-8FF5-3577EB6CB9F5}.AppStore|Any CPU.Deploy.0 = Release|Any CPU
		{56CA18B5-7CE3-4F57-8FF5-3577EB6CB9F5}.AppStore|ARM.ActiveCfg = Release|ARM
		{56CA18B5-7CE3-4F57-8FF5-3577EB6CB9F5}.AppStore|ARM.Build.0 = Release|ARM
		{56CA18B5-7CE3-4F57-8FF5-3577EB6CB9F5}.AppStore|ARM.Deploy.0 = Release|ARM
		{56CA18B5-7CE3-4F57-8FF5-3577EB6CB9F5}.AppStore|iPhone.ActiveCfg = Release|Any CPU
		{56CA18B5-7CE3-4F57-8FF5-3577EB6CB9F5}.AppStore|iPhone.Build.0 = Release|Any CPU
		{56CA18B5-7CE3-4F57-8FF5-3577EB6CB9F5}.AppStore|iPhone.Deploy.0 = Release|Any CPU
		{56CA18B5-7CE3-4F57-8FF5-3577EB6CB9F5}.AppStore|iPhoneSimulator.ActiveCfg = Release|Any CPU
		{56CA18B5-7CE3-4F57-8FF5-3577EB6CB9F5}.AppStore|iPhoneSimulator.Build.0 = Release|Any CPU
		{56CA18B5-7CE3-4F57-8FF5-3577EB6CB9F5}.AppStore|iPhoneSimulator.Deploy.0 = Release|Any CPU
		{56CA18B5-7CE3-4F57-8FF5-3577EB6CB9F5}.AppStore|x64.ActiveCfg = Release|Any CPU
		{56CA18B5-7CE3-4F57-8FF5-3577EB6CB9F5}.AppStore|x64.Build.0 = Release|Any CPU
		{56CA18B5-7CE3-4F57-8FF5-3577EB6CB9F5}.AppStore|x64.Deploy.0 = Release|Any CPU
		{56CA18B5-7CE3-4F57-8FF5-3577EB6CB9F5}.AppStore|x86.ActiveCfg = Release|x86
		{56CA18B5-7CE3-4F57-8FF5-3577EB6CB9F5}.AppStore|x86.Build.0 = Release|x86
		{56CA18B5-7CE3-4F57-8FF5-3577EB6CB9F5}.AppStore|x86.Deploy.0 = Release|x86
		{56CA18B5-7CE3-4F57-8FF5-3577EB6CB9F5}.Debug|Any CPU.ActiveCfg = Debug|Any CPU
		{56CA18B5-7CE3-4F57-8FF5-3577EB6CB9F5}.Debug|Any CPU.Build.0 = Debug|Any CPU
		{56CA18B5-7CE3-4F57-8FF5-3577EB6CB9F5}.Debug|Any CPU.Deploy.0 = Debug|Any CPU
		{56CA18B5-7CE3-4F57-8FF5-3577EB6CB9F5}.Debug|ARM.ActiveCfg = Debug|ARM
		{56CA18B5-7CE3-4F57-8FF5-3577EB6CB9F5}.Debug|ARM.Build.0 = Debug|ARM
		{56CA18B5-7CE3-4F57-8FF5-3577EB6CB9F5}.Debug|ARM.Deploy.0 = Debug|ARM
		{56CA18B5-7CE3-4F57-8FF5-3577EB6CB9F5}.Debug|iPhone.ActiveCfg = Debug|Any CPU
		{56CA18B5-7CE3-4F57-8FF5-3577EB6CB9F5}.Debug|iPhone.Build.0 = Debug|Any CPU
		{56CA18B5-7CE3-4F57-8FF5-3577EB6CB9F5}.Debug|iPhone.Deploy.0 = Debug|Any CPU
		{56CA18B5-7CE3-4F57-8FF5-3577EB6CB9F5}.Debug|iPhoneSimulator.ActiveCfg = Debug|Any CPU
		{56CA18B5-7CE3-4F57-8FF5-3577EB6CB9F5}.Debug|iPhoneSimulator.Build.0 = Debug|Any CPU
		{56CA18B5-7CE3-4F57-8FF5-3577EB6CB9F5}.Debug|iPhoneSimulator.Deploy.0 = Debug|Any CPU
		{56CA18B5-7CE3-4F57-8FF5-3577EB6CB9F5}.Debug|x64.ActiveCfg = Debug|Any CPU
		{56CA18B5-7CE3-4F57-8FF5-3577EB6CB9F5}.Debug|x64.Build.0 = Debug|Any CPU
		{56CA18B5-7CE3-4F57-8FF5-3577EB6CB9F5}.Debug|x64.Deploy.0 = Debug|Any CPU
		{56CA18B5-7CE3-4F57-8FF5-3577EB6CB9F5}.Debug|x86.ActiveCfg = Debug|x86
		{56CA18B5-7CE3-4F57-8FF5-3577EB6CB9F5}.Debug|x86.Build.0 = Debug|x86
		{56CA18B5-7CE3-4F57-8FF5-3577EB6CB9F5}.Debug|x86.Deploy.0 = Debug|x86
		{56CA18B5-7CE3-4F57-8FF5-3577EB6CB9F5}.Release|Any CPU.ActiveCfg = Release|Any CPU
		{56CA18B5-7CE3-4F57-8FF5-3577EB6CB9F5}.Release|Any CPU.Build.0 = Release|Any CPU
		{56CA18B5-7CE3-4F57-8FF5-3577EB6CB9F5}.Release|Any CPU.Deploy.0 = Release|Any CPU
		{56CA18B5-7CE3-4F57-8FF5-3577EB6CB9F5}.Release|ARM.ActiveCfg = Release|ARM
		{56CA18B5-7CE3-4F57-8FF5-3577EB6CB9F5}.Release|ARM.Build.0 = Release|ARM
		{56CA18B5-7CE3-4F57-8FF5-3577EB6CB9F5}.Release|ARM.Deploy.0 = Release|ARM
		{56CA18B5-7CE3-4F57-8FF5-3577EB6CB9F5}.Release|iPhone.ActiveCfg = Release|Any CPU
		{56CA18B5-7CE3-4F57-8FF5-3577EB6CB9F5}.Release|iPhone.Build.0 = Release|Any CPU
		{56CA18B5-7CE3-4F57-8FF5-3577EB6CB9F5}.Release|iPhone.Deploy.0 = Release|Any CPU
		{56CA18B5-7CE3-4F57-8FF5-3577EB6CB9F5}.Release|iPhoneSimulator.ActiveCfg = Release|Any CPU
		{56CA18B5-7CE3-4F57-8FF5-3577EB6CB9F5}.Release|iPhoneSimulator.Build.0 = Release|Any CPU
		{56CA18B5-7CE3-4F57-8FF5-3577EB6CB9F5}.Release|iPhoneSimulator.Deploy.0 = Release|Any CPU
		{56CA18B5-7CE3-4F57-8FF5-3577EB6CB9F5}.Release|x64.ActiveCfg = Release|Any CPU
		{56CA18B5-7CE3-4F57-8FF5-3577EB6CB9F5}.Release|x64.Build.0 = Release|Any CPU
		{56CA18B5-7CE3-4F57-8FF5-3577EB6CB9F5}.Release|x64.Deploy.0 = Release|Any CPU
		{56CA18B5-7CE3-4F57-8FF5-3577EB6CB9F5}.Release|x86.ActiveCfg = Release|x86
		{56CA18B5-7CE3-4F57-8FF5-3577EB6CB9F5}.Release|x86.Build.0 = Release|x86
		{56CA18B5-7CE3-4F57-8FF5-3577EB6CB9F5}.Release|x86.Deploy.0 = Release|x86
		{3D92C332-092F-4814-9FA5-EFB6941AAE88}.Ad-Hoc|Any CPU.ActiveCfg = Release|x86
		{3D92C332-092F-4814-9FA5-EFB6941AAE88}.Ad-Hoc|Any CPU.Build.0 = Release|x86
		{3D92C332-092F-4814-9FA5-EFB6941AAE88}.Ad-Hoc|Any CPU.Deploy.0 = Release|x86
		{3D92C332-092F-4814-9FA5-EFB6941AAE88}.Ad-Hoc|ARM.ActiveCfg = Release|ARM
		{3D92C332-092F-4814-9FA5-EFB6941AAE88}.Ad-Hoc|ARM.Build.0 = Release|ARM
		{3D92C332-092F-4814-9FA5-EFB6941AAE88}.Ad-Hoc|ARM.Deploy.0 = Release|ARM
		{3D92C332-092F-4814-9FA5-EFB6941AAE88}.Ad-Hoc|iPhone.ActiveCfg = Release|x86
		{3D92C332-092F-4814-9FA5-EFB6941AAE88}.Ad-Hoc|iPhone.Build.0 = Release|x86
		{3D92C332-092F-4814-9FA5-EFB6941AAE88}.Ad-Hoc|iPhone.Deploy.0 = Release|x86
		{3D92C332-092F-4814-9FA5-EFB6941AAE88}.Ad-Hoc|iPhoneSimulator.ActiveCfg = Release|x86
		{3D92C332-092F-4814-9FA5-EFB6941AAE88}.Ad-Hoc|iPhoneSimulator.Build.0 = Release|x86
		{3D92C332-092F-4814-9FA5-EFB6941AAE88}.Ad-Hoc|iPhoneSimulator.Deploy.0 = Release|x86
		{3D92C332-092F-4814-9FA5-EFB6941AAE88}.Ad-Hoc|x64.ActiveCfg = Release|x64
		{3D92C332-092F-4814-9FA5-EFB6941AAE88}.Ad-Hoc|x64.Build.0 = Release|x64
		{3D92C332-092F-4814-9FA5-EFB6941AAE88}.Ad-Hoc|x64.Deploy.0 = Release|x64
		{3D92C332-092F-4814-9FA5-EFB6941AAE88}.Ad-Hoc|x86.ActiveCfg = Release|x86
		{3D92C332-092F-4814-9FA5-EFB6941AAE88}.Ad-Hoc|x86.Build.0 = Release|x86
		{3D92C332-092F-4814-9FA5-EFB6941AAE88}.Ad-Hoc|x86.Deploy.0 = Release|x86
		{3D92C332-092F-4814-9FA5-EFB6941AAE88}.AppStore|Any CPU.ActiveCfg = Release|x86
		{3D92C332-092F-4814-9FA5-EFB6941AAE88}.AppStore|Any CPU.Build.0 = Release|x86
		{3D92C332-092F-4814-9FA5-EFB6941AAE88}.AppStore|Any CPU.Deploy.0 = Release|x86
		{3D92C332-092F-4814-9FA5-EFB6941AAE88}.AppStore|ARM.ActiveCfg = Release|ARM
		{3D92C332-092F-4814-9FA5-EFB6941AAE88}.AppStore|ARM.Build.0 = Release|ARM
		{3D92C332-092F-4814-9FA5-EFB6941AAE88}.AppStore|ARM.Deploy.0 = Release|ARM
		{3D92C332-092F-4814-9FA5-EFB6941AAE88}.AppStore|iPhone.ActiveCfg = Release|x86
		{3D92C332-092F-4814-9FA5-EFB6941AAE88}.AppStore|iPhone.Build.0 = Release|x86
		{3D92C332-092F-4814-9FA5-EFB6941AAE88}.AppStore|iPhone.Deploy.0 = Release|x86
		{3D92C332-092F-4814-9FA5-EFB6941AAE88}.AppStore|iPhoneSimulator.ActiveCfg = Release|x86
		{3D92C332-092F-4814-9FA5-EFB6941AAE88}.AppStore|iPhoneSimulator.Build.0 = Release|x86
		{3D92C332-092F-4814-9FA5-EFB6941AAE88}.AppStore|iPhoneSimulator.Deploy.0 = Release|x86
		{3D92C332-092F-4814-9FA5-EFB6941AAE88}.AppStore|x64.ActiveCfg = Release|x64
		{3D92C332-092F-4814-9FA5-EFB6941AAE88}.AppStore|x64.Build.0 = Release|x64
		{3D92C332-092F-4814-9FA5-EFB6941AAE88}.AppStore|x64.Deploy.0 = Release|x64
		{3D92C332-092F-4814-9FA5-EFB6941AAE88}.AppStore|x86.ActiveCfg = Release|x86
		{3D92C332-092F-4814-9FA5-EFB6941AAE88}.AppStore|x86.Build.0 = Release|x86
		{3D92C332-092F-4814-9FA5-EFB6941AAE88}.AppStore|x86.Deploy.0 = Release|x86
		{3D92C332-092F-4814-9FA5-EFB6941AAE88}.Debug|Any CPU.ActiveCfg = Debug|x86
		{3D92C332-092F-4814-9FA5-EFB6941AAE88}.Debug|ARM.ActiveCfg = Debug|ARM
		{3D92C332-092F-4814-9FA5-EFB6941AAE88}.Debug|ARM.Build.0 = Debug|ARM
		{3D92C332-092F-4814-9FA5-EFB6941AAE88}.Debug|ARM.Deploy.0 = Debug|ARM
		{3D92C332-092F-4814-9FA5-EFB6941AAE88}.Debug|iPhone.ActiveCfg = Debug|x86
		{3D92C332-092F-4814-9FA5-EFB6941AAE88}.Debug|iPhoneSimulator.ActiveCfg = Debug|x86
		{3D92C332-092F-4814-9FA5-EFB6941AAE88}.Debug|x64.ActiveCfg = Debug|x64
		{3D92C332-092F-4814-9FA5-EFB6941AAE88}.Debug|x64.Build.0 = Debug|x64
		{3D92C332-092F-4814-9FA5-EFB6941AAE88}.Debug|x64.Deploy.0 = Debug|x64
		{3D92C332-092F-4814-9FA5-EFB6941AAE88}.Debug|x86.ActiveCfg = Debug|x86
		{3D92C332-092F-4814-9FA5-EFB6941AAE88}.Debug|x86.Build.0 = Debug|x86
		{3D92C332-092F-4814-9FA5-EFB6941AAE88}.Debug|x86.Deploy.0 = Debug|x86
		{3D92C332-092F-4814-9FA5-EFB6941AAE88}.Release|Any CPU.ActiveCfg = Release|x86
		{3D92C332-092F-4814-9FA5-EFB6941AAE88}.Release|ARM.ActiveCfg = Release|ARM
		{3D92C332-092F-4814-9FA5-EFB6941AAE88}.Release|ARM.Build.0 = Release|ARM
		{3D92C332-092F-4814-9FA5-EFB6941AAE88}.Release|ARM.Deploy.0 = Release|ARM
		{3D92C332-092F-4814-9FA5-EFB6941AAE88}.Release|iPhone.ActiveCfg = Release|x86
		{3D92C332-092F-4814-9FA5-EFB6941AAE88}.Release|iPhoneSimulator.ActiveCfg = Release|x86
		{3D92C332-092F-4814-9FA5-EFB6941AAE88}.Release|x64.ActiveCfg = Release|x64
		{3D92C332-092F-4814-9FA5-EFB6941AAE88}.Release|x64.Build.0 = Release|x64
		{3D92C332-092F-4814-9FA5-EFB6941AAE88}.Release|x64.Deploy.0 = Release|x64
		{3D92C332-092F-4814-9FA5-EFB6941AAE88}.Release|x86.ActiveCfg = Release|x86
		{3D92C332-092F-4814-9FA5-EFB6941AAE88}.Release|x86.Build.0 = Release|x86
		{3D92C332-092F-4814-9FA5-EFB6941AAE88}.Release|x86.Deploy.0 = Release|x86
		{F6A1640C-7258-4104-AD5C-83A7029E8832}.Ad-Hoc|Any CPU.ActiveCfg = Release|Any CPU
		{F6A1640C-7258-4104-AD5C-83A7029E8832}.Ad-Hoc|Any CPU.Build.0 = Release|Any CPU
		{F6A1640C-7258-4104-AD5C-83A7029E8832}.Ad-Hoc|Any CPU.Deploy.0 = Release|Any CPU
		{F6A1640C-7258-4104-AD5C-83A7029E8832}.Ad-Hoc|ARM.ActiveCfg = Release|ARM
		{F6A1640C-7258-4104-AD5C-83A7029E8832}.Ad-Hoc|ARM.Build.0 = Release|ARM
		{F6A1640C-7258-4104-AD5C-83A7029E8832}.Ad-Hoc|ARM.Deploy.0 = Release|ARM
		{F6A1640C-7258-4104-AD5C-83A7029E8832}.Ad-Hoc|iPhone.ActiveCfg = Release|Any CPU
		{F6A1640C-7258-4104-AD5C-83A7029E8832}.Ad-Hoc|iPhone.Build.0 = Release|Any CPU
		{F6A1640C-7258-4104-AD5C-83A7029E8832}.Ad-Hoc|iPhone.Deploy.0 = Release|Any CPU
		{F6A1640C-7258-4104-AD5C-83A7029E8832}.Ad-Hoc|iPhoneSimulator.ActiveCfg = Release|Any CPU
		{F6A1640C-7258-4104-AD5C-83A7029E8832}.Ad-Hoc|iPhoneSimulator.Build.0 = Release|Any CPU
		{F6A1640C-7258-4104-AD5C-83A7029E8832}.Ad-Hoc|iPhoneSimulator.Deploy.0 = Release|Any CPU
		{F6A1640C-7258-4104-AD5C-83A7029E8832}.Ad-Hoc|x64.ActiveCfg = Release|x64
		{F6A1640C-7258-4104-AD5C-83A7029E8832}.Ad-Hoc|x64.Build.0 = Release|x64
		{F6A1640C-7258-4104-AD5C-83A7029E8832}.Ad-Hoc|x64.Deploy.0 = Release|x64
		{F6A1640C-7258-4104-AD5C-83A7029E8832}.Ad-Hoc|x86.ActiveCfg = Release|x86
		{F6A1640C-7258-4104-AD5C-83A7029E8832}.Ad-Hoc|x86.Build.0 = Release|x86
		{F6A1640C-7258-4104-AD5C-83A7029E8832}.Ad-Hoc|x86.Deploy.0 = Release|x86
		{F6A1640C-7258-4104-AD5C-83A7029E8832}.AppStore|Any CPU.ActiveCfg = Release|Any CPU
		{F6A1640C-7258-4104-AD5C-83A7029E8832}.AppStore|Any CPU.Build.0 = Release|Any CPU
		{F6A1640C-7258-4104-AD5C-83A7029E8832}.AppStore|Any CPU.Deploy.0 = Release|Any CPU
		{F6A1640C-7258-4104-AD5C-83A7029E8832}.AppStore|ARM.ActiveCfg = Release|ARM
		{F6A1640C-7258-4104-AD5C-83A7029E8832}.AppStore|ARM.Build.0 = Release|ARM
		{F6A1640C-7258-4104-AD5C-83A7029E8832}.AppStore|ARM.Deploy.0 = Release|ARM
		{F6A1640C-7258-4104-AD5C-83A7029E8832}.AppStore|iPhone.ActiveCfg = Release|Any CPU
		{F6A1640C-7258-4104-AD5C-83A7029E8832}.AppStore|iPhone.Build.0 = Release|Any CPU
		{F6A1640C-7258-4104-AD5C-83A7029E8832}.AppStore|iPhone.Deploy.0 = Release|Any CPU
		{F6A1640C-7258-4104-AD5C-83A7029E8832}.AppStore|iPhoneSimulator.ActiveCfg = Release|Any CPU
		{F6A1640C-7258-4104-AD5C-83A7029E8832}.AppStore|iPhoneSimulator.Build.0 = Release|Any CPU
		{F6A1640C-7258-4104-AD5C-83A7029E8832}.AppStore|iPhoneSimulator.Deploy.0 = Release|Any CPU
		{F6A1640C-7258-4104-AD5C-83A7029E8832}.AppStore|x64.ActiveCfg = Release|x64
		{F6A1640C-7258-4104-AD5C-83A7029E8832}.AppStore|x64.Build.0 = Release|x64
		{F6A1640C-7258-4104-AD5C-83A7029E8832}.AppStore|x64.Deploy.0 = Release|x64
		{F6A1640C-7258-4104-AD5C-83A7029E8832}.AppStore|x86.ActiveCfg = Release|x86
		{F6A1640C-7258-4104-AD5C-83A7029E8832}.AppStore|x86.Build.0 = Release|x86
		{F6A1640C-7258-4104-AD5C-83A7029E8832}.AppStore|x86.Deploy.0 = Release|x86
		{F6A1640C-7258-4104-AD5C-83A7029E8832}.Debug|Any CPU.ActiveCfg = Debug|Any CPU
		{F6A1640C-7258-4104-AD5C-83A7029E8832}.Debug|Any CPU.Build.0 = Debug|Any CPU
		{F6A1640C-7258-4104-AD5C-83A7029E8832}.Debug|Any CPU.Deploy.0 = Debug|Any CPU
		{F6A1640C-7258-4104-AD5C-83A7029E8832}.Debug|ARM.ActiveCfg = Debug|ARM
		{F6A1640C-7258-4104-AD5C-83A7029E8832}.Debug|ARM.Build.0 = Debug|ARM
		{F6A1640C-7258-4104-AD5C-83A7029E8832}.Debug|ARM.Deploy.0 = Debug|ARM
		{F6A1640C-7258-4104-AD5C-83A7029E8832}.Debug|iPhone.ActiveCfg = Debug|Any CPU
		{F6A1640C-7258-4104-AD5C-83A7029E8832}.Debug|iPhone.Build.0 = Debug|Any CPU
		{F6A1640C-7258-4104-AD5C-83A7029E8832}.Debug|iPhone.Deploy.0 = Debug|Any CPU
		{F6A1640C-7258-4104-AD5C-83A7029E8832}.Debug|iPhoneSimulator.ActiveCfg = Debug|Any CPU
		{F6A1640C-7258-4104-AD5C-83A7029E8832}.Debug|iPhoneSimulator.Build.0 = Debug|Any CPU
		{F6A1640C-7258-4104-AD5C-83A7029E8832}.Debug|iPhoneSimulator.Deploy.0 = Debug|Any CPU
		{F6A1640C-7258-4104-AD5C-83A7029E8832}.Debug|x64.ActiveCfg = Debug|x64
		{F6A1640C-7258-4104-AD5C-83A7029E8832}.Debug|x64.Build.0 = Debug|x64
		{F6A1640C-7258-4104-AD5C-83A7029E8832}.Debug|x64.Deploy.0 = Debug|x64
		{F6A1640C-7258-4104-AD5C-83A7029E8832}.Debug|x86.ActiveCfg = Debug|x86
		{F6A1640C-7258-4104-AD5C-83A7029E8832}.Debug|x86.Build.0 = Debug|x86
		{F6A1640C-7258-4104-AD5C-83A7029E8832}.Debug|x86.Deploy.0 = Debug|x86
		{F6A1640C-7258-4104-AD5C-83A7029E8832}.Release|Any CPU.ActiveCfg = Release|Any CPU
		{F6A1640C-7258-4104-AD5C-83A7029E8832}.Release|Any CPU.Build.0 = Release|Any CPU
		{F6A1640C-7258-4104-AD5C-83A7029E8832}.Release|Any CPU.Deploy.0 = Release|Any CPU
		{F6A1640C-7258-4104-AD5C-83A7029E8832}.Release|ARM.ActiveCfg = Release|ARM
		{F6A1640C-7258-4104-AD5C-83A7029E8832}.Release|ARM.Build.0 = Release|ARM
		{F6A1640C-7258-4104-AD5C-83A7029E8832}.Release|ARM.Deploy.0 = Release|ARM
		{F6A1640C-7258-4104-AD5C-83A7029E8832}.Release|iPhone.ActiveCfg = Release|Any CPU
		{F6A1640C-7258-4104-AD5C-83A7029E8832}.Release|iPhone.Build.0 = Release|Any CPU
		{F6A1640C-7258-4104-AD5C-83A7029E8832}.Release|iPhone.Deploy.0 = Release|Any CPU
		{F6A1640C-7258-4104-AD5C-83A7029E8832}.Release|iPhoneSimulator.ActiveCfg = Release|Any CPU
		{F6A1640C-7258-4104-AD5C-83A7029E8832}.Release|iPhoneSimulator.Build.0 = Release|Any CPU
		{F6A1640C-7258-4104-AD5C-83A7029E8832}.Release|iPhoneSimulator.Deploy.0 = Release|Any CPU
		{F6A1640C-7258-4104-AD5C-83A7029E8832}.Release|x64.ActiveCfg = Release|x64
		{F6A1640C-7258-4104-AD5C-83A7029E8832}.Release|x64.Build.0 = Release|x64
		{F6A1640C-7258-4104-AD5C-83A7029E8832}.Release|x64.Deploy.0 = Release|x64
		{F6A1640C-7258-4104-AD5C-83A7029E8832}.Release|x86.ActiveCfg = Release|x86
		{F6A1640C-7258-4104-AD5C-83A7029E8832}.Release|x86.Build.0 = Release|x86
		{F6A1640C-7258-4104-AD5C-83A7029E8832}.Release|x86.Deploy.0 = Release|x86
		{F541309D-BCBA-49F1-B29D-E342ADA01219}.Ad-Hoc|Any CPU.ActiveCfg = Release|Any CPU
		{F541309D-BCBA-49F1-B29D-E342ADA01219}.Ad-Hoc|Any CPU.Build.0 = Release|Any CPU
		{F541309D-BCBA-49F1-B29D-E342ADA01219}.Ad-Hoc|ARM.ActiveCfg = Release|Any CPU
		{F541309D-BCBA-49F1-B29D-E342ADA01219}.Ad-Hoc|ARM.Build.0 = Release|Any CPU
		{F541309D-BCBA-49F1-B29D-E342ADA01219}.Ad-Hoc|iPhone.ActiveCfg = Release|Any CPU
		{F541309D-BCBA-49F1-B29D-E342ADA01219}.Ad-Hoc|iPhone.Build.0 = Release|Any CPU
		{F541309D-BCBA-49F1-B29D-E342ADA01219}.Ad-Hoc|iPhoneSimulator.ActiveCfg = Release|Any CPU
		{F541309D-BCBA-49F1-B29D-E342ADA01219}.Ad-Hoc|iPhoneSimulator.Build.0 = Release|Any CPU
		{F541309D-BCBA-49F1-B29D-E342ADA01219}.Ad-Hoc|x64.ActiveCfg = Release|Any CPU
		{F541309D-BCBA-49F1-B29D-E342ADA01219}.Ad-Hoc|x64.Build.0 = Release|Any CPU
		{F541309D-BCBA-49F1-B29D-E342ADA01219}.Ad-Hoc|x86.ActiveCfg = Release|Any CPU
		{F541309D-BCBA-49F1-B29D-E342ADA01219}.Ad-Hoc|x86.Build.0 = Release|Any CPU
		{F541309D-BCBA-49F1-B29D-E342ADA01219}.AppStore|Any CPU.ActiveCfg = Release|Any CPU
		{F541309D-BCBA-49F1-B29D-E342ADA01219}.AppStore|Any CPU.Build.0 = Release|Any CPU
		{F541309D-BCBA-49F1-B29D-E342ADA01219}.AppStore|ARM.ActiveCfg = Release|Any CPU
		{F541309D-BCBA-49F1-B29D-E342ADA01219}.AppStore|ARM.Build.0 = Release|Any CPU
		{F541309D-BCBA-49F1-B29D-E342ADA01219}.AppStore|iPhone.ActiveCfg = Release|Any CPU
		{F541309D-BCBA-49F1-B29D-E342ADA01219}.AppStore|iPhone.Build.0 = Release|Any CPU
		{F541309D-BCBA-49F1-B29D-E342ADA01219}.AppStore|iPhoneSimulator.ActiveCfg = Release|Any CPU
		{F541309D-BCBA-49F1-B29D-E342ADA01219}.AppStore|iPhoneSimulator.Build.0 = Release|Any CPU
		{F541309D-BCBA-49F1-B29D-E342ADA01219}.AppStore|x64.ActiveCfg = Release|Any CPU
		{F541309D-BCBA-49F1-B29D-E342ADA01219}.AppStore|x64.Build.0 = Release|Any CPU
		{F541309D-BCBA-49F1-B29D-E342ADA01219}.AppStore|x86.ActiveCfg = Release|Any CPU
		{F541309D-BCBA-49F1-B29D-E342ADA01219}.AppStore|x86.Build.0 = Release|Any CPU
		{F541309D-BCBA-49F1-B29D-E342ADA01219}.Debug|Any CPU.ActiveCfg = Debug|Any CPU
		{F541309D-BCBA-49F1-B29D-E342ADA01219}.Debug|Any CPU.Build.0 = Debug|Any CPU
		{F541309D-BCBA-49F1-B29D-E342ADA01219}.Debug|ARM.ActiveCfg = Debug|Any CPU
		{F541309D-BCBA-49F1-B29D-E342ADA01219}.Debug|ARM.Build.0 = Debug|Any CPU
		{F541309D-BCBA-49F1-B29D-E342ADA01219}.Debug|iPhone.ActiveCfg = Debug|Any CPU
		{F541309D-BCBA-49F1-B29D-E342ADA01219}.Debug|iPhone.Build.0 = Debug|Any CPU
		{F541309D-BCBA-49F1-B29D-E342ADA01219}.Debug|iPhoneSimulator.ActiveCfg = Debug|Any CPU
		{F541309D-BCBA-49F1-B29D-E342ADA01219}.Debug|iPhoneSimulator.Build.0 = Debug|Any CPU
		{F541309D-BCBA-49F1-B29D-E342ADA01219}.Debug|x64.ActiveCfg = Debug|Any CPU
		{F541309D-BCBA-49F1-B29D-E342ADA01219}.Debug|x64.Build.0 = Debug|Any CPU
		{F541309D-BCBA-49F1-B29D-E342ADA01219}.Debug|x86.ActiveCfg = Debug|Any CPU
		{F541309D-BCBA-49F1-B29D-E342ADA01219}.Debug|x86.Build.0 = Debug|Any CPU
		{F541309D-BCBA-49F1-B29D-E342ADA01219}.Release|Any CPU.ActiveCfg = Release|Any CPU
		{F541309D-BCBA-49F1-B29D-E342ADA01219}.Release|Any CPU.Build.0 = Release|Any CPU
		{F541309D-BCBA-49F1-B29D-E342ADA01219}.Release|ARM.ActiveCfg = Release|Any CPU
		{F541309D-BCBA-49F1-B29D-E342ADA01219}.Release|ARM.Build.0 = Release|Any CPU
		{F541309D-BCBA-49F1-B29D-E342ADA01219}.Release|iPhone.ActiveCfg = Release|Any CPU
		{F541309D-BCBA-49F1-B29D-E342ADA01219}.Release|iPhone.Build.0 = Release|Any CPU
		{F541309D-BCBA-49F1-B29D-E342ADA01219}.Release|iPhoneSimulator.ActiveCfg = Release|Any CPU
		{F541309D-BCBA-49F1-B29D-E342ADA01219}.Release|iPhoneSimulator.Build.0 = Release|Any CPU
		{F541309D-BCBA-49F1-B29D-E342ADA01219}.Release|x64.ActiveCfg = Release|Any CPU
		{F541309D-BCBA-49F1-B29D-E342ADA01219}.Release|x64.Build.0 = Release|Any CPU
		{F541309D-BCBA-49F1-B29D-E342ADA01219}.Release|x86.ActiveCfg = Release|Any CPU
		{F541309D-BCBA-49F1-B29D-E342ADA01219}.Release|x86.Build.0 = Release|Any CPU
	EndGlobalSection
	GlobalSection(SolutionProperties) = preSolution
		HideSolutionNode = FALSE
	EndGlobalSection
EndGlobal
